// !$*UTF8*$!
{
	archiveVersion = 1;
	classes = {
	};
	objectVersion = 48;
	objects = {

/* Begin PBXBuildFile section */
		1D4322B61FFD5FFD0039FDCD /* NSDictionary+jsonGraphMerge.h in Headers */ = {isa = PBXBuildFile; fileRef = 1D4322B41FFD5FFD0039FDCD /* NSDictionary+jsonGraphMerge.h */; };
		1D4322B71FFD5FFD0039FDCD /* NSDictionary+jsonGraphMerge.m in Sources */ = {isa = PBXBuildFile; fileRef = 1D4322B51FFD5FFD0039FDCD /* NSDictionary+jsonGraphMerge.m */; };
		1D4322CA1FFD69B70039FDCD /* NSObject+Syntax.h in Headers */ = {isa = PBXBuildFile; fileRef = 1D4322C81FFD69B70039FDCD /* NSObject+Syntax.h */; };
		1D4322CB1FFD69B70039FDCD /* NSObject+Syntax.m in Sources */ = {isa = PBXBuildFile; fileRef = 1D4322C91FFD69B70039FDCD /* NSObject+Syntax.m */; };
		1D4322D31FFED3B30039FDCD /* FalcorObjCClientTests.m in Sources */ = {isa = PBXBuildFile; fileRef = 1D4322D21FFED3B30039FDCD /* FalcorObjCClientTests.m */; };
		1D682A201FEC2E3500120562 /* FalcorObjCService.h in Headers */ = {isa = PBXBuildFile; fileRef = 1D682A1E1FEC2E3500120562 /* FalcorObjCService.h */; };
		1D682A211FEC2E3500120562 /* FalcorObjCService.m in Sources */ = {isa = PBXBuildFile; fileRef = 1D682A1F1FEC2E3500120562 /* FalcorObjCService.m */; };
		1D682A241FEC2E4200120562 /* FalcorObjCClient.h in Headers */ = {isa = PBXBuildFile; fileRef = 1D682A221FEC2E4200120562 /* FalcorObjCClient.h */; };
		1D682A251FEC2E4200120562 /* FalcorObjCClient.m in Sources */ = {isa = PBXBuildFile; fileRef = 1D682A231FEC2E4200120562 /* FalcorObjCClient.m */; };
		1D682A271FEC2E5500120562 /* FalcorObjCServiceTests.m in Sources */ = {isa = PBXBuildFile; fileRef = 1D682A261FEC2E5500120562 /* FalcorObjCServiceTests.m */; };
		1DC4398B1FEC406700F105D4 /* FalcorObjCModel.h in Headers */ = {isa = PBXBuildFile; fileRef = 1DC439891FEC406700F105D4 /* FalcorObjCModel.h */; };
		1DC4398C1FEC406700F105D4 /* FalcorObjCModel.m in Sources */ = {isa = PBXBuildFile; fileRef = 1DC4398A1FEC406700F105D4 /* FalcorObjCModel.m */; };
		1DFDDBEE1FEC276900D8A634 /* FalcorObjC.framework in Frameworks */ = {isa = PBXBuildFile; fileRef = 1DFDDBE41FEC276900D8A634 /* FalcorObjC.framework */; };
		1DFDDBF51FEC276900D8A634 /* FalcorObjC.h in Headers */ = {isa = PBXBuildFile; fileRef = 1DFDDBE71FEC276900D8A634 /* FalcorObjC.h */; settings = {ATTRIBUTES = (Public, ); }; };
/* End PBXBuildFile section */

/* Begin PBXContainerItemProxy section */
		1DFDDBEF1FEC276900D8A634 /* PBXContainerItemProxy */ = {
			isa = PBXContainerItemProxy;
			containerPortal = 1DFDDBDB1FEC276900D8A634 /* Project object */;
			proxyType = 1;
			remoteGlobalIDString = 1DFDDBE31FEC276900D8A634;
			remoteInfo = FalcorObjC;
		};
/* End PBXContainerItemProxy section */

/* Begin PBXFileReference section */
		1D4322B41FFD5FFD0039FDCD /* NSDictionary+jsonGraphMerge.h */ = {isa = PBXFileReference; lastKnownFileType = sourcecode.c.h; path = "NSDictionary+jsonGraphMerge.h"; sourceTree = "<group>"; };
		1D4322B51FFD5FFD0039FDCD /* NSDictionary+jsonGraphMerge.m */ = {isa = PBXFileReference; lastKnownFileType = sourcecode.c.objc; path = "NSDictionary+jsonGraphMerge.m"; sourceTree = "<group>"; };
		1D4322C81FFD69B70039FDCD /* NSObject+Syntax.h */ = {isa = PBXFileReference; lastKnownFileType = sourcecode.c.h; path = "NSObject+Syntax.h"; sourceTree = "<group>"; };
		1D4322C91FFD69B70039FDCD /* NSObject+Syntax.m */ = {isa = PBXFileReference; lastKnownFileType = sourcecode.c.objc; path = "NSObject+Syntax.m"; sourceTree = "<group>"; };
		1D4322D21FFED3B30039FDCD /* FalcorObjCClientTests.m */ = {isa = PBXFileReference; lastKnownFileType = sourcecode.c.objc; path = FalcorObjCClientTests.m; sourceTree = "<group>"; };
		1D682A1E1FEC2E3500120562 /* FalcorObjCService.h */ = {isa = PBXFileReference; lastKnownFileType = sourcecode.c.h; path = FalcorObjCService.h; sourceTree = "<group>"; };
		1D682A1F1FEC2E3500120562 /* FalcorObjCService.m */ = {isa = PBXFileReference; lastKnownFileType = sourcecode.c.objc; path = FalcorObjCService.m; sourceTree = "<group>"; };
		1D682A221FEC2E4200120562 /* FalcorObjCClient.h */ = {isa = PBXFileReference; lastKnownFileType = sourcecode.c.h; path = FalcorObjCClient.h; sourceTree = "<group>"; };
		1D682A231FEC2E4200120562 /* FalcorObjCClient.m */ = {isa = PBXFileReference; lastKnownFileType = sourcecode.c.objc; path = FalcorObjCClient.m; sourceTree = "<group>"; };
		1D682A261FEC2E5500120562 /* FalcorObjCServiceTests.m */ = {isa = PBXFileReference; lastKnownFileType = sourcecode.c.objc; path = FalcorObjCServiceTests.m; sourceTree = "<group>"; };
		1DC439891FEC406700F105D4 /* FalcorObjCModel.h */ = {isa = PBXFileReference; lastKnownFileType = sourcecode.c.h; path = FalcorObjCModel.h; sourceTree = "<group>"; };
		1DC4398A1FEC406700F105D4 /* FalcorObjCModel.m */ = {isa = PBXFileReference; lastKnownFileType = sourcecode.c.objc; path = FalcorObjCModel.m; sourceTree = "<group>"; };
		1DFDDBE41FEC276900D8A634 /* FalcorObjC.framework */ = {isa = PBXFileReference; explicitFileType = wrapper.framework; includeInIndex = 0; path = FalcorObjC.framework; sourceTree = BUILT_PRODUCTS_DIR; };
		1DFDDBE71FEC276900D8A634 /* FalcorObjC.h */ = {isa = PBXFileReference; lastKnownFileType = sourcecode.c.h; path = FalcorObjC.h; sourceTree = "<group>"; };
		1DFDDBE81FEC276900D8A634 /* Info.plist */ = {isa = PBXFileReference; lastKnownFileType = text.plist.xml; path = Info.plist; sourceTree = "<group>"; };
		1DFDDBED1FEC276900D8A634 /* FalcorObjCTests.xctest */ = {isa = PBXFileReference; explicitFileType = wrapper.cfbundle; includeInIndex = 0; path = FalcorObjCTests.xctest; sourceTree = BUILT_PRODUCTS_DIR; };
		1DFDDBF41FEC276900D8A634 /* Info.plist */ = {isa = PBXFileReference; lastKnownFileType = text.plist.xml; path = Info.plist; sourceTree = "<group>"; };
/* End PBXFileReference section */

/* Begin PBXFrameworksBuildPhase section */
		1DFDDBE01FEC276900D8A634 /* Frameworks */ = {
			isa = PBXFrameworksBuildPhase;
			buildActionMask = 2147483647;
			files = (
			);
			runOnlyForDeploymentPostprocessing = 0;
		};
		1DFDDBEA1FEC276900D8A634 /* Frameworks */ = {
			isa = PBXFrameworksBuildPhase;
			buildActionMask = 2147483647;
			files = (
				1DFDDBEE1FEC276900D8A634 /* FalcorObjC.framework in Frameworks */,
			);
			runOnlyForDeploymentPostprocessing = 0;
		};
/* End PBXFrameworksBuildPhase section */

/* Begin PBXGroup section */
		1D4322B31FFD5FD10039FDCD /* Extensions */ = {
			isa = PBXGroup;
			children = (
				1D4322B41FFD5FFD0039FDCD /* NSDictionary+jsonGraphMerge.h */,
				1D4322B51FFD5FFD0039FDCD /* NSDictionary+jsonGraphMerge.m */,
				1D4322C81FFD69B70039FDCD /* NSObject+Syntax.h */,
				1D4322C91FFD69B70039FDCD /* NSObject+Syntax.m */,
			);
			path = Extensions;
			sourceTree = "<group>";
		};
		1DC439881FEC405500F105D4 /* Model */ = {
			isa = PBXGroup;
			children = (
				1DC439891FEC406700F105D4 /* FalcorObjCModel.h */,
				1DC4398A1FEC406700F105D4 /* FalcorObjCModel.m */,
			);
			path = Model;
			sourceTree = "<group>";
		};
		1DFDDBDA1FEC276900D8A634 = {
			isa = PBXGroup;
			children = (
				1DFDDBE61FEC276900D8A634 /* FalcorObjC */,
				1DFDDBF11FEC276900D8A634 /* FalcorObjCTests */,
				1DFDDBE51FEC276900D8A634 /* Products */,
			);
			sourceTree = "<group>";
		};
		1DFDDBE51FEC276900D8A634 /* Products */ = {
			isa = PBXGroup;
			children = (
				1DFDDBE41FEC276900D8A634 /* FalcorObjC.framework */,
				1DFDDBED1FEC276900D8A634 /* FalcorObjCTests.xctest */,
			);
			name = Products;
			sourceTree = "<group>";
		};
		1DFDDBE61FEC276900D8A634 /* FalcorObjC */ = {
			isa = PBXGroup;
			children = (
				1D4322B31FFD5FD10039FDCD /* Extensions */,
				1DC439881FEC405500F105D4 /* Model */,
				1D682A1E1FEC2E3500120562 /* FalcorObjCService.h */,
				1D682A1F1FEC2E3500120562 /* FalcorObjCService.m */,
				1D682A221FEC2E4200120562 /* FalcorObjCClient.h */,
				1D682A231FEC2E4200120562 /* FalcorObjCClient.m */,
				1DFDDBE71FEC276900D8A634 /* FalcorObjC.h */,
				1DFDDBE81FEC276900D8A634 /* Info.plist */,
			);
			path = FalcorObjC;
			sourceTree = "<group>";
		};
		1DFDDBF11FEC276900D8A634 /* FalcorObjCTests */ = {
			isa = PBXGroup;
			children = (
				1D682A261FEC2E5500120562 /* FalcorObjCServiceTests.m */,
				1D4322D21FFED3B30039FDCD /* FalcorObjCClientTests.m */,
				1DFDDBF41FEC276900D8A634 /* Info.plist */,
			);
			path = FalcorObjCTests;
			sourceTree = "<group>";
		};
/* End PBXGroup section */

/* Begin PBXHeadersBuildPhase section */
		1DFDDBE11FEC276900D8A634 /* Headers */ = {
			isa = PBXHeadersBuildPhase;
			buildActionMask = 2147483647;
			files = (
				1DFDDBF51FEC276900D8A634 /* FalcorObjC.h in Headers */,
				1DC4398B1FEC406700F105D4 /* FalcorObjCModel.h in Headers */,
				1D682A241FEC2E4200120562 /* FalcorObjCClient.h in Headers */,
				1D4322CA1FFD69B70039FDCD /* NSObject+Syntax.h in Headers */,
				1D4322B61FFD5FFD0039FDCD /* NSDictionary+jsonGraphMerge.h in Headers */,
				1D682A201FEC2E3500120562 /* FalcorObjCService.h in Headers */,
			);
			runOnlyForDeploymentPostprocessing = 0;
		};
/* End PBXHeadersBuildPhase section */

/* Begin PBXNativeTarget section */
		1DFDDBE31FEC276900D8A634 /* FalcorObjC */ = {
			isa = PBXNativeTarget;
			buildConfigurationList = 1DFDDBF81FEC276900D8A634 /* Build configuration list for PBXNativeTarget "FalcorObjC" */;
			buildPhases = (
				1DFDDBDF1FEC276900D8A634 /* Sources */,
				1DFDDBE01FEC276900D8A634 /* Frameworks */,
				1DFDDBE11FEC276900D8A634 /* Headers */,
				1DFDDBE21FEC276900D8A634 /* Resources */,
			);
			buildRules = (
			);
			dependencies = (
			);
			name = FalcorObjC;
			productName = FalcorObjC;
			productReference = 1DFDDBE41FEC276900D8A634 /* FalcorObjC.framework */;
			productType = "com.apple.product-type.framework";
		};
		1DFDDBEC1FEC276900D8A634 /* FalcorObjCTests */ = {
			isa = PBXNativeTarget;
			buildConfigurationList = 1DFDDBFB1FEC276900D8A634 /* Build configuration list for PBXNativeTarget "FalcorObjCTests" */;
			buildPhases = (
				1DFDDBE91FEC276900D8A634 /* Sources */,
				1DFDDBEA1FEC276900D8A634 /* Frameworks */,
				1DFDDBEB1FEC276900D8A634 /* Resources */,
			);
			buildRules = (
			);
			dependencies = (
				1DFDDBF01FEC276900D8A634 /* PBXTargetDependency */,
			);
			name = FalcorObjCTests;
			productName = FalcorObjCTests;
			productReference = 1DFDDBED1FEC276900D8A634 /* FalcorObjCTests.xctest */;
			productType = "com.apple.product-type.bundle.unit-test";
		};
/* End PBXNativeTarget section */

/* Begin PBXProject section */
		1DFDDBDB1FEC276900D8A634 /* Project object */ = {
			isa = PBXProject;
			attributes = {
				LastUpgradeCheck = 0920;
				ORGANIZATIONNAME = Netflix;
				TargetAttributes = {
					1DFDDBE31FEC276900D8A634 = {
						CreatedOnToolsVersion = 9.2;
						LastSwiftMigration = 0920;
						ProvisioningStyle = Automatic;
					};
					1DFDDBEC1FEC276900D8A634 = {
						CreatedOnToolsVersion = 9.2;
						ProvisioningStyle = Automatic;
					};
				};
			};
			buildConfigurationList = 1DFDDBDE1FEC276900D8A634 /* Build configuration list for PBXProject "FalcorObjC" */;
			compatibilityVersion = "Xcode 8.0";
			developmentRegion = en;
			hasScannedForEncodings = 0;
			knownRegions = (
				en,
			);
			mainGroup = 1DFDDBDA1FEC276900D8A634;
			productRefGroup = 1DFDDBE51FEC276900D8A634 /* Products */;
			projectDirPath = "";
			projectRoot = "";
			targets = (
				1DFDDBE31FEC276900D8A634 /* FalcorObjC */,
				1DFDDBEC1FEC276900D8A634 /* FalcorObjCTests */,
			);
		};
/* End PBXProject section */

/* Begin PBXResourcesBuildPhase section */
		1DFDDBE21FEC276900D8A634 /* Resources */ = {
			isa = PBXResourcesBuildPhase;
			buildActionMask = 2147483647;
			files = (
			);
			runOnlyForDeploymentPostprocessing = 0;
		};
		1DFDDBEB1FEC276900D8A634 /* Resources */ = {
			isa = PBXResourcesBuildPhase;
			buildActionMask = 2147483647;
			files = (
			);
			runOnlyForDeploymentPostprocessing = 0;
		};
/* End PBXResourcesBuildPhase section */

/* Begin PBXSourcesBuildPhase section */
		1DFDDBDF1FEC276900D8A634 /* Sources */ = {
			isa = PBXSourcesBuildPhase;
			buildActionMask = 2147483647;
			files = (
				1D4322CB1FFD69B70039FDCD /* NSObject+Syntax.m in Sources */,
				1D682A211FEC2E3500120562 /* FalcorObjCService.m in Sources */,
				1D682A251FEC2E4200120562 /* FalcorObjCClient.m in Sources */,
				1D4322B71FFD5FFD0039FDCD /* NSDictionary+jsonGraphMerge.m in Sources */,
				1DC4398C1FEC406700F105D4 /* FalcorObjCModel.m in Sources */,
			);
			runOnlyForDeploymentPostprocessing = 0;
		};
		1DFDDBE91FEC276900D8A634 /* Sources */ = {
			isa = PBXSourcesBuildPhase;
			buildActionMask = 2147483647;
			files = (
				1D682A271FEC2E5500120562 /* FalcorObjCServiceTests.m in Sources */,
				1D4322D31FFED3B30039FDCD /* FalcorObjCClientTests.m in Sources */,
			);
			runOnlyForDeploymentPostprocessing = 0;
		};
/* End PBXSourcesBuildPhase section */

/* Begin PBXTargetDependency section */
		1DFDDBF01FEC276900D8A634 /* PBXTargetDependency */ = {
			isa = PBXTargetDependency;
			target = 1DFDDBE31FEC276900D8A634 /* FalcorObjC */;
			targetProxy = 1DFDDBEF1FEC276900D8A634 /* PBXContainerItemProxy */;
		};
/* End PBXTargetDependency section */

/* Begin XCBuildConfiguration section */
		1DFDDBF61FEC276900D8A634 /* Debug */ = {
			isa = XCBuildConfiguration;
			buildSettings = {
				ALWAYS_SEARCH_USER_PATHS = NO;
				CLANG_ANALYZER_NONNULL = YES;
				CLANG_ANALYZER_NUMBER_OBJECT_CONVERSION = YES_AGGRESSIVE;
				CLANG_CXX_LANGUAGE_STANDARD = "gnu++14";
				CLANG_CXX_LIBRARY = "libc++";
				CLANG_ENABLE_MODULES = YES;
				CLANG_ENABLE_OBJC_ARC = YES;
				CLANG_WARN_BLOCK_CAPTURE_AUTORELEASING = YES;
				CLANG_WARN_BOOL_CONVERSION = YES;
				CLANG_WARN_COMMA = YES;
				CLANG_WARN_CONSTANT_CONVERSION = YES;
				CLANG_WARN_DIRECT_OBJC_ISA_USAGE = YES_ERROR;
				CLANG_WARN_DOCUMENTATION_COMMENTS = YES;
				CLANG_WARN_EMPTY_BODY = YES;
				CLANG_WARN_ENUM_CONVERSION = YES;
				CLANG_WARN_INFINITE_RECURSION = YES;
				CLANG_WARN_INT_CONVERSION = YES;
				CLANG_WARN_NON_LITERAL_NULL_CONVERSION = YES;
				CLANG_WARN_OBJC_LITERAL_CONVERSION = YES;
				CLANG_WARN_OBJC_ROOT_CLASS = YES_ERROR;
				CLANG_WARN_RANGE_LOOP_ANALYSIS = YES;
				CLANG_WARN_STRICT_PROTOTYPES = YES;
				CLANG_WARN_SUSPICIOUS_MOVE = YES;
				CLANG_WARN_UNGUARDED_AVAILABILITY = YES_AGGRESSIVE;
				CLANG_WARN_UNREACHABLE_CODE = YES;
				CLANG_WARN__DUPLICATE_METHOD_MATCH = YES;
				CODE_SIGN_IDENTITY = "iPhone Developer";
				COPY_PHASE_STRIP = NO;
				CURRENT_PROJECT_VERSION = 1;
				DEBUG_INFORMATION_FORMAT = dwarf;
				ENABLE_STRICT_OBJC_MSGSEND = YES;
				ENABLE_TESTABILITY = YES;
				GCC_C_LANGUAGE_STANDARD = gnu11;
				GCC_DYNAMIC_NO_PIC = NO;
				GCC_NO_COMMON_BLOCKS = YES;
				GCC_OPTIMIZATION_LEVEL = 0;
				GCC_PREPROCESSOR_DEFINITIONS = (
					"DEBUG=1",
					"$(inherited)",
				);
				GCC_WARN_64_TO_32_BIT_CONVERSION = YES;
				GCC_WARN_ABOUT_RETURN_TYPE = YES_ERROR;
				GCC_WARN_UNDECLARED_SELECTOR = YES;
				GCC_WARN_UNINITIALIZED_AUTOS = YES_AGGRESSIVE;
				GCC_WARN_UNUSED_FUNCTION = YES;
				GCC_WARN_UNUSED_VARIABLE = YES;
				IPHONEOS_DEPLOYMENT_TARGET = 11.2;
				MTL_ENABLE_DEBUG_INFO = YES;
				ONLY_ACTIVE_ARCH = YES;
				SDKROOT = iphoneos;
				VERSIONING_SYSTEM = "apple-generic";
				VERSION_INFO_PREFIX = "";
			};
			name = Debug;
		};
		1DFDDBF71FEC276900D8A634 /* Release */ = {
			isa = XCBuildConfiguration;
			buildSettings = {
				ALWAYS_SEARCH_USER_PATHS = NO;
				CLANG_ANALYZER_NONNULL = YES;
				CLANG_ANALYZER_NUMBER_OBJECT_CONVERSION = YES_AGGRESSIVE;
				CLANG_CXX_LANGUAGE_STANDARD = "gnu++14";
				CLANG_CXX_LIBRARY = "libc++";
				CLANG_ENABLE_MODULES = YES;
				CLANG_ENABLE_OBJC_ARC = YES;
				CLANG_WARN_BLOCK_CAPTURE_AUTORELEASING = YES;
				CLANG_WARN_BOOL_CONVERSION = YES;
				CLANG_WARN_COMMA = YES;
				CLANG_WARN_CONSTANT_CONVERSION = YES;
				CLANG_WARN_DIRECT_OBJC_ISA_USAGE = YES_ERROR;
				CLANG_WARN_DOCUMENTATION_COMMENTS = YES;
				CLANG_WARN_EMPTY_BODY = YES;
				CLANG_WARN_ENUM_CONVERSION = YES;
				CLANG_WARN_INFINITE_RECURSION = YES;
				CLANG_WARN_INT_CONVERSION = YES;
				CLANG_WARN_NON_LITERAL_NULL_CONVERSION = YES;
				CLANG_WARN_OBJC_LITERAL_CONVERSION = YES;
				CLANG_WARN_OBJC_ROOT_CLASS = YES_ERROR;
				CLANG_WARN_RANGE_LOOP_ANALYSIS = YES;
				CLANG_WARN_STRICT_PROTOTYPES = YES;
				CLANG_WARN_SUSPICIOUS_MOVE = YES;
				CLANG_WARN_UNGUARDED_AVAILABILITY = YES_AGGRESSIVE;
				CLANG_WARN_UNREACHABLE_CODE = YES;
				CLANG_WARN__DUPLICATE_METHOD_MATCH = YES;
				CODE_SIGN_IDENTITY = "iPhone Developer";
				COPY_PHASE_STRIP = NO;
				CURRENT_PROJECT_VERSION = 1;
				DEBUG_INFORMATION_FORMAT = "dwarf-with-dsym";
				ENABLE_NS_ASSERTIONS = NO;
				ENABLE_STRICT_OBJC_MSGSEND = YES;
				GCC_C_LANGUAGE_STANDARD = gnu11;
				GCC_NO_COMMON_BLOCKS = YES;
				GCC_WARN_64_TO_32_BIT_CONVERSION = YES;
				GCC_WARN_ABOUT_RETURN_TYPE = YES_ERROR;
				GCC_WARN_UNDECLARED_SELECTOR = YES;
				GCC_WARN_UNINITIALIZED_AUTOS = YES_AGGRESSIVE;
				GCC_WARN_UNUSED_FUNCTION = YES;
				GCC_WARN_UNUSED_VARIABLE = YES;
				IPHONEOS_DEPLOYMENT_TARGET = 11.2;
				MTL_ENABLE_DEBUG_INFO = NO;
				SDKROOT = iphoneos;
				VALIDATE_PRODUCT = YES;
				VERSIONING_SYSTEM = "apple-generic";
				VERSION_INFO_PREFIX = "";
			};
			name = Release;
		};
		1DFDDBF91FEC276900D8A634 /* Debug */ = {
			isa = XCBuildConfiguration;
			buildSettings = {
				CLANG_ENABLE_MODULES = YES;
				CODE_SIGN_IDENTITY = "";
				CODE_SIGN_STYLE = Automatic;
				DEFINES_MODULE = YES;
				DEVELOPMENT_TEAM = YXNLG53YV4;
				DYLIB_COMPATIBILITY_VERSION = 1;
				DYLIB_CURRENT_VERSION = 1;
				DYLIB_INSTALL_NAME_BASE = "@rpath";
				INFOPLIST_FILE = FalcorObjC/Info.plist;
				INSTALL_PATH = "$(LOCAL_LIBRARY_DIR)/Frameworks";
				LD_RUNPATH_SEARCH_PATHS = "$(inherited) @executable_path/Frameworks @loader_path/Frameworks";
				PRODUCT_BUNDLE_IDENTIFIER = com.netflix.FalcorObjC;
				PRODUCT_NAME = "$(TARGET_NAME:c99extidentifier)";
				SKIP_INSTALL = YES;
				SWIFT_OPTIMIZATION_LEVEL = "-Onone";
				SWIFT_VERSION = 3.0;
				TARGETED_DEVICE_FAMILY = "1,2";
			};
			name = Debug;
		};
		1DFDDBFA1FEC276900D8A634 /* Release */ = {
			isa = XCBuildConfiguration;
			buildSettings = {
				CLANG_ENABLE_MODULES = YES;
				CODE_SIGN_IDENTITY = "";
				CODE_SIGN_STYLE = Automatic;
				DEFINES_MODULE = YES;
				DEVELOPMENT_TEAM = YXNLG53YV4;
				DYLIB_COMPATIBILITY_VERSION = 1;
				DYLIB_CURRENT_VERSION = 1;
				DYLIB_INSTALL_NAME_BASE = "@rpath";
				INFOPLIST_FILE = FalcorObjC/Info.plist;
				INSTALL_PATH = "$(LOCAL_LIBRARY_DIR)/Frameworks";
				LD_RUNPATH_SEARCH_PATHS = "$(inherited) @executable_path/Frameworks @loader_path/Frameworks";
				PRODUCT_BUNDLE_IDENTIFIER = com.netflix.FalcorObjC;
				PRODUCT_NAME = "$(TARGET_NAME:c99extidentifier)";
				SKIP_INSTALL = YES;
				SWIFT_VERSION = 3.0;
				TARGETED_DEVICE_FAMILY = "1,2";
			};
			name = Release;
		};
		1DFDDBFC1FEC276900D8A634 /* Debug */ = {
			isa = XCBuildConfiguration;
			buildSettings = {
				CODE_SIGN_STYLE = Automatic;
				DEVELOPMENT_TEAM = YXNLG53YV4;
				INFOPLIST_FILE = FalcorObjCTests/Info.plist;
				LD_RUNPATH_SEARCH_PATHS = "$(inherited) @executable_path/Frameworks @loader_path/Frameworks";
				PRODUCT_BUNDLE_IDENTIFIER = com.netflix.FalcorObjCTests;
				PRODUCT_NAME = "$(TARGET_NAME)";
				TARGETED_DEVICE_FAMILY = "1,2";
			};
			name = Debug;
		};
		1DFDDBFD1FEC276900D8A634 /* Release */ = {
			isa = XCBuildConfiguration;
			buildSettings = {
				CODE_SIGN_STYLE = Automatic;
				DEVELOPMENT_TEAM = YXNLG53YV4;
				INFOPLIST_FILE = FalcorObjCTests/Info.plist;
				LD_RUNPATH_SEARCH_PATHS = "$(inherited) @executable_path/Frameworks @loader_path/Frameworks";
				PRODUCT_BUNDLE_IDENTIFIER = com.netflix.FalcorObjCTests;
				PRODUCT_NAME = "$(TARGET_NAME)";
				TARGETED_DEVICE_FAMILY = "1,2";
			};
			name = Release;
		};
/* End XCBuildConfiguration section */

/* Begin XCConfigurationList section */
		1DFDDBDE1FEC276900D8A634 /* Build configuration list for PBXProject "FalcorObjC" */ = {
			isa = XCConfigurationList;
			buildConfigurations = (
				1DFDDBF61FEC276900D8A634 /* Debug */,
				1DFDDBF71FEC276900D8A634 /* Release */,
			);
			defaultConfigurationIsVisible = 0;
			defaultConfigurationName = Release;
		};
		1DFDDBF81FEC276900D8A634 /* Build configuration list for PBXNativeTarget "FalcorObjC" */ = {
			isa = XCConfigurationList;
			buildConfigurations = (
				1DFDDBF91FEC276900D8A634 /* Debug */,
				1DFDDBFA1FEC276900D8A634 /* Release */,
			);
			defaultConfigurationIsVisible = 0;
			defaultConfigurationName = Release;
		};
		1DFDDBFB1FEC276900D8A634 /* Build configuration list for PBXNativeTarget "FalcorObjCTests" */ = {
			isa = XCConfigurationList;
			buildConfigurations = (
				1DFDDBFC1FEC276900D8A634 /* Debug */,
				1DFDDBFD1FEC276900D8A634 /* Release */,
			);
			defaultConfigurationIsVisible = 0;
			defaultConfigurationName = Release;
		};
/* End XCConfigurationList section */
	};
	rootObject = 1DFDDBDB1FEC276900D8A634 /* Project object */;
}
